PODS:
  - Charts (3.0.1):
    - Charts/Core (= 3.0.1)
  - Charts/Core (3.0.1)
  - Realm (2.4.3):
    - Realm/Headers (= 2.4.3)
  - Realm/Headers (2.4.3)
  - RealmSwift (2.4.3):
    - Realm (= 2.4.3)
  - SnapKit (3.0.2)

DEPENDENCIES:
  - Charts
  - RealmSwift
  - SnapKit (~> 3.0)

SPEC CHECKSUMS:
  Charts: 0e84f4418e87dad6a9edde221fba37ebb51d3ba7
  Realm: e08d60b0048ccccd3949c8c28a92c4db5712d7e9
  RealmSwift: 30d49739ccb3385d201242736ca4dda56aec9dfc
  SnapKit: 2e456761aa92d4d4067a7a5594c18769d451a8ad

PODFILE CHECKSUM: 6cd82ccb4b85c2a8e67da73f6cfcb4b10d86913f

COCOAPODS: 1.1.1
