PODS:
  - AudioKit (3.5)
  - SnapKit (3.0.2)

DEPENDENCIES:
  - AudioKit (~> 3.5)
  - SnapKit (~> 3.0)

SPEC CHECKSUMS:
  AudioKit: 775885f735260c25f4f2c3c0601e79ae49900831
  SnapKit: 2e456761aa92d4d4067a7a5594c18769d451a8ad

PODFILE CHECKSUM: 8101434d1e0b0ff8096b739a4f5b2d014d6f2d2a

COCOAPODS: 1.1.1
